
Microsoft Visual Studio Solution File, Format Version 12.00
# Visual Studio 15
VisualStudioVersion = 15.0.27428.2027
MinimumVisualStudioVersion = 10.0.40219.1
Project("{8BC9CEB8-8B4A-11D0-8D11-00A0C91BC942}") = "Trie", "Trie\Trie.vcxproj", "{DEF738F0-B187-4358-8286-9D9A9493892D}"
EndProject
Global
	GlobalSection(SolutionConfigurationPlatforms) = preSolution
		Debug|x64 = Debug|x64
		Debug|x86 = Debug|x86
		Release|x64 = Release|x64
		Release|x86 = Release|x86
	EndGlobalSection
	GlobalSection(ProjectConfigurationPlatforms) = postSolution
		{DEF738F0-B187-4358-8286-9D9A9493892D}.Debug|x64.ActiveCfg = Debug|x64
		{DEF738F0-B187-4358-8286-9D9A9493892D}.Debug|x64.Build.0 = Debug|x64
		{DEF738F0-B187-4358-8286-9D9A9493892D}.Debug|x86.ActiveCfg = Debug|Win32
		{DEF738F0-B187-4358-8286-9D9A9493892D}.Debug|x86.Build.0 = Debug|Win32
		{DEF738F0-B187-4358-8286-9D9A9493892D}.Release|x64.ActiveCfg = Release|x64
		{DEF738F0-B187-4358-8286-9D9A9493892D}.Release|x64.Build.0 = Release|x64
		{DEF738F0-B187-4358-8286-9D9A9493892D}.Release|x86.ActiveCfg = Release|Win32
		{DEF738F0-B187-4358-8286-9D9A9493892D}.Release|x86.Build.0 = Release|Win32
	EndGlobalSection
	GlobalSection(SolutionProperties) = preSolution
		HideSolutionNode = FALSE
	EndGlobalSection
	GlobalSection(ExtensibilityGlobals) = postSolution
		SolutionGuid = {5DE232AB-20CD-430A-92BD-A7344A03F395}
	EndGlobalSection
EndGlobal
